// !$*UTF8*$!
{
	archiveVersion = 1;
	classes = {
	};
	objectVersion = 46;
	objects = {

/* Begin PBXBuildFile section */
		D6A4B3C71AEB8215004E71E2 /* main.m in Sources */ = {isa = PBXBuildFile; fileRef = D6A4B3C61AEB8215004E71E2 /* main.m */; };
		D6A4B3CA1AEB8215004E71E2 /* AppDelegate.m in Sources */ = {isa = PBXBuildFile; fileRef = D6A4B3C91AEB8215004E71E2 /* AppDelegate.m */; };
		D6A4B3CD1AEB8215004E71E2 /* ViewController.m in Sources */ = {isa = PBXBuildFile; fileRef = D6A4B3CC1AEB8215004E71E2 /* ViewController.m */; };
		D6A4B3D01AEB8215004E71E2 /* Main.storyboard in Resources */ = {isa = PBXBuildFile; fileRef = D6A4B3CE1AEB8215004E71E2 /* Main.storyboard */; };
		D6A4B3D21AEB8215004E71E2 /* Images.xcassets in Resources */ = {isa = PBXBuildFile; fileRef = D6A4B3D11AEB8215004E71E2 /* Images.xcassets */; };
		D6A4B3D51AEB8215004E71E2 /* LaunchScreen.xib in Resources */ = {isa = PBXBuildFile; fileRef = D6A4B3D31AEB8215004E71E2 /* LaunchScreen.xib */; };
		D6A4B3E11AEB8215004E71E2 /* videoPlayRecordTests.m in Sources */ = {isa = PBXBuildFile; fileRef = D6A4B3E01AEB8215004E71E2 /* videoPlayRecordTests.m */; };
		D6A4B3EB1AEB825E004E71E2 /* AVFoundation.framework in Frameworks */ = {isa = PBXBuildFile; fileRef = D6A4B3EA1AEB825E004E71E2 /* AVFoundation.framework */; };
		D6A4B3ED1AEB8268004E71E2 /* QuartzCore.framework in Frameworks */ = {isa = PBXBuildFile; fileRef = D6A4B3EC1AEB8268004E71E2 /* QuartzCore.framework */; };
		D6A4B3EF1AEB8273004E71E2 /* AssetsLibrary.framework in Frameworks */ = {isa = PBXBuildFile; fileRef = D6A4B3EE1AEB8273004E71E2 /* AssetsLibrary.framework */; };
		D6A4B3F11AEB827F004E71E2 /* MediaPlayer.framework in Frameworks */ = {isa = PBXBuildFile; fileRef = D6A4B3F01AEB827F004E71E2 /* MediaPlayer.framework */; };
		D6A4B3F31AEB828D004E71E2 /* CoreMedia.framework in Frameworks */ = {isa = PBXBuildFile; fileRef = D6A4B3F21AEB828D004E71E2 /* CoreMedia.framework */; };
		D6A4B3F51AEB8298004E71E2 /* MobileCoreServices.framework in Frameworks */ = {isa = PBXBuildFile; fileRef = D6A4B3F41AEB8298004E71E2 /* MobileCoreServices.framework */; };
		D6A4B3F81AEB8415004E71E2 /* SelectViewController.m in Sources */ = {isa = PBXBuildFile; fileRef = D6A4B3F71AEB8415004E71E2 /* SelectViewController.m */; };
		D6A4B3FB1AEB8427004E71E2 /* RecordViewController.m in Sources */ = {isa = PBXBuildFile; fileRef = D6A4B3FA1AEB8427004E71E2 /* RecordViewController.m */; };
		D6A4B3FE1AEB8437004E71E2 /* MergeViewController.m in Sources */ = {isa = PBXBuildFile; fileRef = D6A4B3FD1AEB8437004E71E2 /* MergeViewController.m */; };
/* End PBXBuildFile section */

/* Begin PBXContainerItemProxy section */
		D6A4B3DB1AEB8215004E71E2 /* PBXContainerItemProxy */ = {
			isa = PBXContainerItemProxy;
			containerPortal = D6A4B3B91AEB8215004E71E2 /* Project object */;
			proxyType = 1;
			remoteGlobalIDString = D6A4B3C01AEB8215004E71E2;
			remoteInfo = videoPlayRecord;
		};
/* End PBXContainerItemProxy section */

/* Begin PBXFileReference section */
		D6A4B3C11AEB8215004E71E2 /* videoPlayRecord.app */ = {isa = PBXFileReference; explicitFileType = wrapper.application; includeInIndex = 0; path = videoPlayRecord.app; sourceTree = BUILT_PRODUCTS_DIR; };
		D6A4B3C51AEB8215004E71E2 /* Info.plist */ = {isa = PBXFileReference; lastKnownFileType = text.plist.xml; path = Info.plist; sourceTree = "<group>"; };
		D6A4B3C61AEB8215004E71E2 /* main.m */ = {isa = PBXFileReference; lastKnownFileType = sourcecode.c.objc; path = main.m; sourceTree = "<group>"; };
		D6A4B3C81AEB8215004E71E2 /* AppDelegate.h */ = {isa = PBXFileReference; lastKnownFileType = sourcecode.c.h; path = AppDelegate.h; sourceTree = "<group>"; };
		D6A4B3C91AEB8215004E71E2 /* AppDelegate.m */ = {isa = PBXFileReference; lastKnownFileType = sourcecode.c.objc; path = AppDelegate.m; sourceTree = "<group>"; };
		D6A4B3CB1AEB8215004E71E2 /* ViewController.h */ = {isa = PBXFileReference; lastKnownFileType = sourcecode.c.h; path = ViewController.h; sourceTree = "<group>"; };
		D6A4B3CC1AEB8215004E71E2 /* ViewController.m */ = {isa = PBXFileReference; lastKnownFileType = sourcecode.c.objc; path = ViewController.m; sourceTree = "<group>"; };
		D6A4B3CF1AEB8215004E71E2 /* Base */ = {isa = PBXFileReference; lastKnownFileType = file.storyboard; name = Base; path = Base.lproj/Main.storyboard; sourceTree = "<group>"; };
		D6A4B3D11AEB8215004E71E2 /* Images.xcassets */ = {isa = PBXFileReference; lastKnownFileType = folder.assetcatalog; path = Images.xcassets; sourceTree = "<group>"; };
		D6A4B3D41AEB8215004E71E2 /* Base */ = {isa = PBXFileReference; lastKnownFileType = file.xib; name = Base; path = Base.lproj/LaunchScreen.xib; sourceTree = "<group>"; };
		D6A4B3DA1AEB8215004E71E2 /* videoPlayRecordTests.xctest */ = {isa = PBXFileReference; explicitFileType = wrapper.cfbundle; includeInIndex = 0; path = videoPlayRecordTests.xctest; sourceTree = BUILT_PRODUCTS_DIR; };
		D6A4B3DF1AEB8215004E71E2 /* Info.plist */ = {isa = PBXFileReference; lastKnownFileType = text.plist.xml; path = Info.plist; sourceTree = "<group>"; };
		D6A4B3E01AEB8215004E71E2 /* videoPlayRecordTests.m */ = {isa = PBXFileReference; lastKnownFileType = sourcecode.c.objc; path = videoPlayRecordTests.m; sourceTree = "<group>"; };
		D6A4B3EA1AEB825E004E71E2 /* AVFoundation.framework */ = {isa = PBXFileReference; lastKnownFileType = wrapper.framework; name = AVFoundation.framework; path = System/Library/Frameworks/AVFoundation.framework; sourceTree = SDKROOT; };
		D6A4B3EC1AEB8268004E71E2 /* QuartzCore.framework */ = {isa = PBXFileReference; lastKnownFileType = wrapper.framework; name = QuartzCore.framework; path = System/Library/Frameworks/QuartzCore.framework; sourceTree = SDKROOT; };
		D6A4B3EE1AEB8273004E71E2 /* AssetsLibrary.framework */ = {isa = PBXFileReference; lastKnownFileType = wrapper.framework; name = AssetsLibrary.framework; path = System/Library/Frameworks/AssetsLibrary.framework; sourceTree = SDKROOT; };
		D6A4B3F01AEB827F004E71E2 /* MediaPlayer.framework */ = {isa = PBXFileReference; lastKnownFileType = wrapper.framework; name = MediaPlayer.framework; path = System/Library/Frameworks/MediaPlayer.framework; sourceTree = SDKROOT; };
		D6A4B3F21AEB828D004E71E2 /* CoreMedia.framework */ = {isa = PBXFileReference; lastKnownFileType = wrapper.framework; name = CoreMedia.framework; path = System/Library/Frameworks/CoreMedia.framework; sourceTree = SDKROOT; };
		D6A4B3F41AEB8298004E71E2 /* MobileCoreServices.framework */ = {isa = PBXFileReference; lastKnownFileType = wrapper.framework; name = MobileCoreServices.framework; path = System/Library/Frameworks/MobileCoreServices.framework; sourceTree = SDKROOT; };
		D6A4B3F61AEB8415004E71E2 /* SelectViewController.h */ = {isa = PBXFileReference; fileEncoding = 4; lastKnownFileType = sourcecode.c.h; path = SelectViewController.h; sourceTree = "<group>"; };
		D6A4B3F71AEB8415004E71E2 /* SelectViewController.m */ = {isa = PBXFileReference; fileEncoding = 4; lastKnownFileType = sourcecode.c.objc; path = SelectViewController.m; sourceTree = "<group>"; };
		D6A4B3F91AEB8427004E71E2 /* RecordViewController.h */ = {isa = PBXFileReference; fileEncoding = 4; lastKnownFileType = sourcecode.c.h; path = RecordViewController.h; sourceTree = "<group>"; };
		D6A4B3FA1AEB8427004E71E2 /* RecordViewController.m */ = {isa = PBXFileReference; fileEncoding = 4; lastKnownFileType = sourcecode.c.objc; path = RecordViewController.m; sourceTree = "<group>"; };
		D6A4B3FC1AEB8437004E71E2 /* MergeViewController.h */ = {isa = PBXFileReference; fileEncoding = 4; lastKnownFileType = sourcecode.c.h; path = MergeViewController.h; sourceTree = "<group>"; };
		D6A4B3FD1AEB8437004E71E2 /* MergeViewController.m */ = {isa = PBXFileReference; fileEncoding = 4; lastKnownFileType = sourcecode.c.objc; path = MergeViewController.m; sourceTree = "<group>"; };
/* End PBXFileReference section */

/* Begin PBXFrameworksBuildPhase section */
		D6A4B3BE1AEB8215004E71E2 /* Frameworks */ = {
			isa = PBXFrameworksBuildPhase;
			buildActionMask = 2147483647;
			files = (
				D6A4B3F51AEB8298004E71E2 /* MobileCoreServices.framework in Frameworks */,
				D6A4B3F31AEB828D004E71E2 /* CoreMedia.framework in Frameworks */,
				D6A4B3F11AEB827F004E71E2 /* MediaPlayer.framework in Frameworks */,
				D6A4B3EF1AEB8273004E71E2 /* AssetsLibrary.framework in Frameworks */,
				D6A4B3ED1AEB8268004E71E2 /* QuartzCore.framework in Frameworks */,
				D6A4B3EB1AEB825E004E71E2 /* AVFoundation.framework in Frameworks */,
			);
			runOnlyForDeploymentPostprocessing = 0;
		};
		D6A4B3D71AEB8215004E71E2 /* Frameworks */ = {
			isa = PBXFrameworksBuildPhase;
			buildActionMask = 2147483647;
			files = (
			);
			runOnlyForDeploymentPostprocessing = 0;
		};
/* End PBXFrameworksBuildPhase section */

/* Begin PBXGroup section */
		D6A4B3B81AEB8215004E71E2 = {
			isa = PBXGroup;
			children = (
				D6A4B3F41AEB8298004E71E2 /* MobileCoreServices.framework */,
				D6A4B3F21AEB828D004E71E2 /* CoreMedia.framework */,
				D6A4B3F01AEB827F004E71E2 /* MediaPlayer.framework */,
				D6A4B3EE1AEB8273004E71E2 /* AssetsLibrary.framework */,
				D6A4B3EC1AEB8268004E71E2 /* QuartzCore.framework */,
				D6A4B3EA1AEB825E004E71E2 /* AVFoundation.framework */,
				D6A4B3C31AEB8215004E71E2 /* videoPlayRecord */,
				D6A4B3DD1AEB8215004E71E2 /* videoPlayRecordTests */,
				D6A4B3C21AEB8215004E71E2 /* Products */,
			);
			sourceTree = "<group>";
		};
		D6A4B3C21AEB8215004E71E2 /* Products */ = {
			isa = PBXGroup;
			children = (
				D6A4B3C11AEB8215004E71E2 /* videoPlayRecord.app */,
				D6A4B3DA1AEB8215004E71E2 /* videoPlayRecordTests.xctest */,
			);
			name = Products;
			sourceTree = "<group>";
		};
		D6A4B3C31AEB8215004E71E2 /* videoPlayRecord */ = {
			isa = PBXGroup;
			children = (
				D6A4B3C81AEB8215004E71E2 /* AppDelegate.h */,
				D6A4B3C91AEB8215004E71E2 /* AppDelegate.m */,
				D6A4B3CB1AEB8215004E71E2 /* ViewController.h */,
				D6A4B3CC1AEB8215004E71E2 /* ViewController.m */,
				D6A4B3CE1AEB8215004E71E2 /* Main.storyboard */,
				D6A4B3D11AEB8215004E71E2 /* Images.xcassets */,
				D6A4B3D31AEB8215004E71E2 /* LaunchScreen.xib */,
				D6A4B3C41AEB8215004E71E2 /* Supporting Files */,
				D6A4B3F61AEB8415004E71E2 /* SelectViewController.h */,
				D6A4B3F71AEB8415004E71E2 /* SelectViewController.m */,
				D6A4B3F91AEB8427004E71E2 /* RecordViewController.h */,
				D6A4B3FA1AEB8427004E71E2 /* RecordViewController.m */,
				D6A4B3FC1AEB8437004E71E2 /* MergeViewController.h */,
				D6A4B3FD1AEB8437004E71E2 /* MergeViewController.m */,
			);
			path = videoPlayRecord;
			sourceTree = "<group>";
		};
		D6A4B3C41AEB8215004E71E2 /* Supporting Files */ = {
			isa = PBXGroup;
			children = (
				D6A4B3C51AEB8215004E71E2 /* Info.plist */,
				D6A4B3C61AEB8215004E71E2 /* main.m */,
			);
			name = "Supporting Files";
			sourceTree = "<group>";
		};
		D6A4B3DD1AEB8215004E71E2 /* videoPlayRecordTests */ = {
			isa = PBXGroup;
			children = (
				D6A4B3E01AEB8215004E71E2 /* videoPlayRecordTests.m */,
				D6A4B3DE1AEB8215004E71E2 /* Supporting Files */,
			);
			path = videoPlayRecordTests;
			sourceTree = "<group>";
		};
		D6A4B3DE1AEB8215004E71E2 /* Supporting Files */ = {
			isa = PBXGroup;
			children = (
				D6A4B3DF1AEB8215004E71E2 /* Info.plist */,
			);
			name = "Supporting Files";
			sourceTree = "<group>";
		};
/* End PBXGroup section */

/* Begin PBXNativeTarget section */
		D6A4B3C01AEB8215004E71E2 /* videoPlayRecord */ = {
			isa = PBXNativeTarget;
			buildConfigurationList = D6A4B3E41AEB8215004E71E2 /* Build configuration list for PBXNativeTarget "videoPlayRecord" */;
			buildPhases = (
				D6A4B3BD1AEB8215004E71E2 /* Sources */,
				D6A4B3BE1AEB8215004E71E2 /* Frameworks */,
				D6A4B3BF1AEB8215004E71E2 /* Resources */,
			);
			buildRules = (
			);
			dependencies = (
			);
			name = videoPlayRecord;
			productName = videoPlayRecord;
			productReference = D6A4B3C11AEB8215004E71E2 /* videoPlayRecord.app */;
			productType = "com.apple.product-type.application";
		};
		D6A4B3D91AEB8215004E71E2 /* videoPlayRecordTests */ = {
			isa = PBXNativeTarget;
			buildConfigurationList = D6A4B3E71AEB8215004E71E2 /* Build configuration list for PBXNativeTarget "videoPlayRecordTests" */;
			buildPhases = (
				D6A4B3D61AEB8215004E71E2 /* Sources */,
				D6A4B3D71AEB8215004E71E2 /* Frameworks */,
				D6A4B3D81AEB8215004E71E2 /* Resources */,
			);
			buildRules = (
			);
			dependencies = (
				D6A4B3DC1AEB8215004E71E2 /* PBXTargetDependency */,
			);
			name = videoPlayRecordTests;
			productName = videoPlayRecordTests;
			productReference = D6A4B3DA1AEB8215004E71E2 /* videoPlayRecordTests.xctest */;
			productType = "com.apple.product-type.bundle.unit-test";
		};
/* End PBXNativeTarget section */

/* Begin PBXProject section */
		D6A4B3B91AEB8215004E71E2 /* Project object */ = {
			isa = PBXProject;
			attributes = {
				LastUpgradeCheck = 0630;
				ORGANIZATIONNAME = Lightning;
				TargetAttributes = {
					D6A4B3C01AEB8215004E71E2 = {
						CreatedOnToolsVersion = 6.3;
					};
					D6A4B3D91AEB8215004E71E2 = {
						CreatedOnToolsVersion = 6.3;
						TestTargetID = D6A4B3C01AEB8215004E71E2;
					};
				};
			};
			buildConfigurationList = D6A4B3BC1AEB8215004E71E2 /* Build configuration list for PBXProject "videoPlayRecord" */;
			compatibilityVersion = "Xcode 3.2";
			developmentRegion = English;
			hasScannedForEncodings = 0;
			knownRegions = (
				en,
				Base,
			);
			mainGroup = D6A4B3B81AEB8215004E71E2;
			productRefGroup = D6A4B3C21AEB8215004E71E2 /* Products */;
			projectDirPath = "";
			projectRoot = "";
			targets = (
				D6A4B3C01AEB8215004E71E2 /* videoPlayRecord */,
				D6A4B3D91AEB8215004E71E2 /* videoPlayRecordTests */,
			);
		};
/* End PBXProject section */

/* Begin PBXResourcesBuildPhase section */
		D6A4B3BF1AEB8215004E71E2 /* Resources */ = {
			isa = PBXResourcesBuildPhase;
			buildActionMask = 2147483647;
			files = (
				D6A4B3D01AEB8215004E71E2 /* Main.storyboard in Resources */,
				D6A4B3D51AEB8215004E71E2 /* LaunchScreen.xib in Resources */,
				D6A4B3D21AEB8215004E71E2 /* Images.xcassets in Resources */,
			);
			runOnlyForDeploymentPostprocessing = 0;
		};
		D6A4B3D81AEB8215004E71E2 /* Resources */ = {
			isa = PBXResourcesBuildPhase;
			buildActionMask = 2147483647;
			files = (
			);
			runOnlyForDeploymentPostprocessing = 0;
		};
/* End PBXResourcesBuildPhase section */

/* Begin PBXSourcesBuildPhase section */
		D6A4B3BD1AEB8215004E71E2 /* Sources */ = {
			isa = PBXSourcesBuildPhase;
			buildActionMask = 2147483647;
			files = (
				D6A4B3F81AEB8415004E71E2 /* SelectViewController.m in Sources */,
				D6A4B3CD1AEB8215004E71E2 /* ViewController.m in Sources */,
				D6A4B3CA1AEB8215004E71E2 /* AppDelegate.m in Sources */,
				D6A4B3C71AEB8215004E71E2 /* main.m in Sources */,
				D6A4B3FB1AEB8427004E71E2 /* RecordViewController.m in Sources */,
				D6A4B3FE1AEB8437004E71E2 /* MergeViewController.m in Sources */,
			);
			runOnlyForDeploymentPostprocessing = 0;
		};
		D6A4B3D61AEB8215004E71E2 /* Sources */ = {
			isa = PBXSourcesBuildPhase;
			buildActionMask = 2147483647;
			files = (
				D6A4B3E11AEB8215004E71E2 /* videoPlayRecordTests.m in Sources */,
			);
			runOnlyForDeploymentPostprocessing = 0;
		};
/* End PBXSourcesBuildPhase section */

/* Begin PBXTargetDependency section */
		D6A4B3DC1AEB8215004E71E2 /* PBXTargetDependency */ = {
			isa = PBXTargetDependency;
			target = D6A4B3C01AEB8215004E71E2 /* videoPlayRecord */;
			targetProxy = D6A4B3DB1AEB8215004E71E2 /* PBXContainerItemProxy */;
		};
/* End PBXTargetDependency section */

/* Begin PBXVariantGroup section */
		D6A4B3CE1AEB8215004E71E2 /* Main.storyboard */ = {
			isa = PBXVariantGroup;
			children = (
				D6A4B3CF1AEB8215004E71E2 /* Base */,
			);
			name = Main.storyboard;
			sourceTree = "<group>";
		};
		D6A4B3D31AEB8215004E71E2 /* LaunchScreen.xib */ = {
			isa = PBXVariantGroup;
			children = (
				D6A4B3D41AEB8215004E71E2 /* Base */,
			);
			name = LaunchScreen.xib;
			sourceTree = "<group>";
		};
/* End PBXVariantGroup section */

/* Begin XCBuildConfiguration section */
		D6A4B3E21AEB8215004E71E2 /* Debug */ = {
			isa = XCBuildConfiguration;
			buildSettings = {
				ALWAYS_SEARCH_USER_PATHS = NO;
				CLANG_CXX_LANGUAGE_STANDARD = "gnu++0x";
				CLANG_CXX_LIBRARY = "libc++";
				CLANG_ENABLE_MODULES = YES;
				CLANG_ENABLE_OBJC_ARC = YES;
				CLANG_WARN_BOOL_CONVERSION = YES;
				CLANG_WARN_CONSTANT_CONVERSION = YES;
				CLANG_WARN_DIRECT_OBJC_ISA_USAGE = YES_ERROR;
				CLANG_WARN_EMPTY_BODY = YES;
				CLANG_WARN_ENUM_CONVERSION = YES;
				CLANG_WARN_INT_CONVERSION = YES;
				CLANG_WARN_OBJC_ROOT_CLASS = YES_ERROR;
				CLANG_WARN_UNREACHABLE_CODE = YES;
				CLANG_WARN__DUPLICATE_METHOD_MATCH = YES;
				"CODE_SIGN_IDENTITY[sdk=iphoneos*]" = "iPhone Developer";
				COPY_PHASE_STRIP = NO;
				DEBUG_INFORMATION_FORMAT = "dwarf-with-dsym";
				ENABLE_STRICT_OBJC_MSGSEND = YES;
				GCC_C_LANGUAGE_STANDARD = gnu99;
				GCC_DYNAMIC_NO_PIC = NO;
				GCC_NO_COMMON_BLOCKS = YES;
				GCC_OPTIMIZATION_LEVEL = 0;
				GCC_PREPROCESSOR_DEFINITIONS = (
					"DEBUG=1",
					"$(inherited)",
				);
				GCC_SYMBOLS_PRIVATE_EXTERN = NO;
				GCC_WARN_64_TO_32_BIT_CONVERSION = YES;
				GCC_WARN_ABOUT_RETURN_TYPE = YES_ERROR;
				GCC_WARN_UNDECLARED_SELECTOR = YES;
				GCC_WARN_UNINITIALIZED_AUTOS = YES_AGGRESSIVE;
				GCC_WARN_UNUSED_FUNCTION = YES;
				GCC_WARN_UNUSED_VARIABLE = YES;
				IPHONEOS_DEPLOYMENT_TARGET = 8.3;
				MTL_ENABLE_DEBUG_INFO = YES;
				ONLY_ACTIVE_ARCH = YES;
				SDKROOT = iphoneos;
				TARGETED_DEVICE_FAMILY = "1,2";
			};
			name = Debug;
		};
		D6A4B3E31AEB8215004E71E2 /* Release */ = {
			isa = XCBuildConfiguration;
			buildSettings = {
				ALWAYS_SEARCH_USER_PATHS = NO;
				CLANG_CXX_LANGUAGE_STANDARD = "gnu++0x";
				CLANG_CXX_LIBRARY = "libc++";
				CLANG_ENABLE_MODULES = YES;
				CLANG_ENABLE_OBJC_ARC = YES;
				CLANG_WARN_BOOL_CONVERSION = YES;
				CLANG_WARN_CONSTANT_CONVERSION = YES;
				CLANG_WARN_DIRECT_OBJC_ISA_USAGE = YES_ERROR;
				CLANG_WARN_EMPTY_BODY = YES;
				CLANG_WARN_ENUM_CONVERSION = YES;
				CLANG_WARN_INT_CONVERSION = YES;
				CLANG_WARN_OBJC_ROOT_CLASS = YES_ERROR;
				CLANG_WARN_UNREACHABLE_CODE = YES;
				CLANG_WARN__DUPLICATE_METHOD_MATCH = YES;
				"CODE_SIGN_IDENTITY[sdk=iphoneos*]" = "iPhone Developer";
				COPY_PHASE_STRIP = NO;
				DEBUG_INFORMATION_FORMAT = "dwarf-with-dsym";
				ENABLE_NS_ASSERTIONS = NO;
				ENABLE_STRICT_OBJC_MSGSEND = YES;
				GCC_C_LANGUAGE_STANDARD = gnu99;
				GCC_NO_COMMON_BLOCKS = YES;
				GCC_WARN_64_TO_32_BIT_CONVERSION = YES;
				GCC_WARN_ABOUT_RETURN_TYPE = YES_ERROR;
				GCC_WARN_UNDECLARED_SELECTOR = YES;
				GCC_WARN_UNINITIALIZED_AUTOS = YES_AGGRESSIVE;
				GCC_WARN_UNUSED_FUNCTION = YES;
				GCC_WARN_UNUSED_VARIABLE = YES;
				IPHONEOS_DEPLOYMENT_TARGET = 8.3;
				MTL_ENABLE_DEBUG_INFO = NO;
				SDKROOT = iphoneos;
				TARGETED_DEVICE_FAMILY = "1,2";
				VALIDATE_PRODUCT = YES;
			};
			name = Release;
		};
		D6A4B3E51AEB8215004E71E2 /* Debug */ = {
			isa = XCBuildConfiguration;
			buildSettings = {
				ASSETCATALOG_COMPILER_APPICON_NAME = AppIcon;
				INFOPLIST_FILE = videoPlayRecord/Info.plist;
				LD_RUNPATH_SEARCH_PATHS = "$(inherited) @executable_path/Frameworks";
				PRODUCT_NAME = "$(TARGET_NAME)";
			};
			name = Debug;
		};
		D6A4B3E61AEB8215004E71E2 /* Release */ = {
			isa = XCBuildConfiguration;
			buildSettings = {
				ASSETCATALOG_COMPILER_APPICON_NAME = AppIcon;
				INFOPLIST_FILE = videoPlayRecord/Info.plist;
				LD_RUNPATH_SEARCH_PATHS = "$(inherited) @executable_path/Frameworks";
				PRODUCT_NAME = "$(TARGET_NAME)";
			};
			name = Release;
		};
		D6A4B3E81AEB8215004E71E2 /* Debug */ = {
			isa = XCBuildConfiguration;
			buildSettings = {
				BUNDLE_LOADER = "$(TEST_HOST)";
				FRAMEWORK_SEARCH_PATHS = (
					"$(SDKROOT)/Developer/Library/Frameworks",
					"$(inherited)",
				);
				GCC_PREPROCESSOR_DEFINITIONS = (
					"DEBUG=1",
					"$(inherited)",
				);
				INFOPLIST_FILE = videoPlayRecordTests/Info.plist;
				LD_RUNPATH_SEARCH_PATHS = "$(inherited) @executable_path/Frameworks @loader_path/Frameworks";
				PRODUCT_NAME = "$(TARGET_NAME)";
				TEST_HOST = "$(BUILT_PRODUCTS_DIR)/videoPlayRecord.app/videoPlayRecord";
			};
			name = Debug;
		};
		D6A4B3E91AEB8215004E71E2 /* Release */ = {
			isa = XCBuildConfiguration;
			buildSettings = {
				BUNDLE_LOADER = "$(TEST_HOST)";
				FRAMEWORK_SEARCH_PATHS = (
					"$(SDKROOT)/Developer/Library/Frameworks",
					"$(inherited)",
				);
				INFOPLIST_FILE = videoPlayRecordTests/Info.plist;
				LD_RUNPATH_SEARCH_PATHS = "$(inherited) @executable_path/Frameworks @loader_path/Frameworks";
				PRODUCT_NAME = "$(TARGET_NAME)";
				TEST_HOST = "$(BUILT_PRODUCTS_DIR)/videoPlayRecord.app/videoPlayRecord";
			};
			name = Release;
		};
/* End XCBuildConfiguration section */

/* Begin XCConfigurationList section */
		D6A4B3BC1AEB8215004E71E2 /* Build configuration list for PBXProject "videoPlayRecord" */ = {
			isa = XCConfigurationList;
			buildConfigurations = (
				D6A4B3E21AEB8215004E71E2 /* Debug */,
				D6A4B3E31AEB8215004E71E2 /* Release */,
			);
			defaultConfigurationIsVisible = 0;
			defaultConfigurationName = Release;
		};
		D6A4B3E41AEB8215004E71E2 /* Build configuration list for PBXNativeTarget "videoPlayRecord" */ = {
			isa = XCConfigurationList;
			buildConfigurations = (
				D6A4B3E51AEB8215004E71E2 /* Debug */,
				D6A4B3E61AEB8215004E71E2 /* Release */,
			);
			defaultConfigurationIsVisible = 0;
		};
		D6A4B3E71AEB8215004E71E2 /* Build configuration list for PBXNativeTarget "videoPlayRecordTests" */ = {
			isa = XCConfigurationList;
			buildConfigurations = (
				D6A4B3E81AEB8215004E71E2 /* Debug */,
				D6A4B3E91AEB8215004E71E2 /* Release */,
			);
			defaultConfigurationIsVisible = 0;
		};
/* End XCConfigurationList section */
	};
	rootObject = D6A4B3B91AEB8215004E71E2 /* Project object */;
}
